
Microsoft Visual Studio Solution File, Format Version 12.00
# Visual Studio Version 17
VisualStudioVersion = 17.4.33213.308
MinimumVisualStudioVersion = 10.0.40219.1
Project("{9A19103F-16F7-4668-BE54-9A1E7A4F7556}") = "Noodles.Api", "Noodles.Api\Noodles.Api.csproj", "{2CBF7D48-4038-4B45-B86A-16D2D3D4491A}"
EndProject
Project("{9A19103F-16F7-4668-BE54-9A1E7A4F7556}") = "Noodles.BusinessLogic", "..\Noodles.BusinessLogic\Noodles.BusinessLogic\Noodles.BusinessLogic.csproj", "{FEF3C0F5-CFED-47FA-9F9C-CB22C511FFA5}"
EndProject
Project("{9A19103F-16F7-4668-BE54-9A1E7A4F7556}") = "Noodles.Core", "..\Noodles.Core\Noodles.Core\Noodles.Core.csproj", "{12B0E348-B73C-41DC-BD57-F97FAA2C64D0}"
EndProject
Project("{9A19103F-16F7-4668-BE54-9A1E7A4F7556}") = "Noodles.DataAccess", "..\Noodles.DataAccess\Noodles.DataAccess\Noodles.DataAccess.csproj", "{8E2E4F9A-B88E-4132-96B7-2F41D3D6B76F}"
EndProject
Global
	GlobalSection(SolutionConfigurationPlatforms) = preSolution
		Debug|Any CPU = Debug|Any CPU
		Release|Any CPU = Release|Any CPU
	EndGlobalSection
	GlobalSection(ProjectConfigurationPlatforms) = postSolution
		{2CBF7D48-4038-4B45-B86A-16D2D3D4491A}.Debug|Any CPU.ActiveCfg = Debug|Any CPU
		{2CBF7D48-4038-4B45-B86A-16D2D3D4491A}.Debug|Any CPU.Build.0 = Debug|Any CPU
		{2CBF7D48-4038-4B45-B86A-16D2D3D4491A}.Release|Any CPU.ActiveCfg = Release|Any CPU
		{2CBF7D48-4038-4B45-B86A-16D2D3D4491A}.Release|Any CPU.Build.0 = Release|Any CPU
		{FEF3C0F5-CFED-47FA-9F9C-CB22C511FFA5}.Debug|Any CPU.ActiveCfg = Debug|Any CPU
		{FEF3C0F5-CFED-47FA-9F9C-CB22C511FFA5}.Debug|Any CPU.Build.0 = Debug|Any CPU
		{FEF3C0F5-CFED-47FA-9F9C-CB22C511FFA5}.Release|Any CPU.ActiveCfg = Release|Any CPU
		{FEF3C0F5-CFED-47FA-9F9C-CB22C511FFA5}.Release|Any CPU.Build.0 = Release|Any CPU
		{12B0E348-B73C-41DC-BD57-F97FAA2C64D0}.Debug|Any CPU.ActiveCfg = Debug|Any CPU
		{12B0E348-B73C-41DC-BD57-F97FAA2C64D0}.Debug|Any CPU.Build.0 = Debug|Any CPU
		{12B0E348-B73C-41DC-BD57-F97FAA2C64D0}.Release|Any CPU.ActiveCfg = Release|Any CPU
		{12B0E348-B73C-41DC-BD57-F97FAA2C64D0}.Release|Any CPU.Build.0 = Release|Any CPU
		{8E2E4F9A-B88E-4132-96B7-2F41D3D6B76F}.Debug|Any CPU.ActiveCfg = Debug|Any CPU
		{8E2E4F9A-B88E-4132-96B7-2F41D3D6B76F}.Debug|Any CPU.Build.0 = Debug|Any CPU
		{8E2E4F9A-B88E-4132-96B7-2F41D3D6B76F}.Release|Any CPU.ActiveCfg = Release|Any CPU
		{8E2E4F9A-B88E-4132-96B7-2F41D3D6B76F}.Release|Any CPU.Build.0 = Release|Any CPU
	EndGlobalSection
	GlobalSection(SolutionProperties) = preSolution
		HideSolutionNode = FALSE
	EndGlobalSection
	GlobalSection(ExtensibilityGlobals) = postSolution
		SolutionGuid = {6FD53BCC-DC1B-4DFE-83CF-709BE9EE2A04}
	EndGlobalSection
EndGlobal
